
Microsoft Visual Studio Solution File, Format Version 12.00
# Visual Studio 15
VisualStudioVersion = 15.0.28307.329
MinimumVisualStudioVersion = 10.0.40219.1
Project("{FAE04EC0-301F-11D3-BF4B-00C04F79EFBC}") = "Appoint.EntityFramework", "Appoint.EntityFramework\Appoint.EntityFramework.csproj", "{4EFBB2A7-17CD-409F-B2A3-6BCEE6273EE9}"
EndProject
Project("{FAE04EC0-301F-11D3-BF4B-00C04F79EFBC}") = "BaseClasses", "BaseClasses\BaseClasses.csproj", "{EE8922E9-C88F-4941-BBFB-E7B491F51DE7}"
EndProject
Project("{FAE04EC0-301F-11D3-BF4B-00C04F79EFBC}") = "Appoint.Application", "Appoint.Application\Appoint.Application.csproj", "{A40B689E-C758-4D42-BCDC-80FDB0953558}"
EndProject
Project("{FAE04EC0-301F-11D3-BF4B-00C04F79EFBC}") = "AppointMvc.Web", "AppointMvc.Web\AppointMvc.Web.csproj", "{3B08E35E-9CF3-47ED-875E-2F635E79366A}"
EndProject
Project("{FAE04EC0-301F-11D3-BF4B-00C04F79EFBC}") = "Appoint.IocManager", "Appoint.IocManager\Appoint.IocManager.csproj", "{5644531D-6124-4239-8CB2-47768656966E}"
EndProject
Project("{FAE04EC0-301F-11D3-BF4B-00C04F79EFBC}") = "AppointWinService", "AppointWinService\AppointWinService.csproj", "{50B9709C-B647-446C-876A-5B00A81E796E}"
EndProject
Project("{FAE04EC0-301F-11D3-BF4B-00C04F79EFBC}") = "AppointWinserverInstallClient", "AppointWinserverInstallClient\AppointWinserverInstallClient.csproj", "{E7C4212F-EA9C-466E-8E25-552C47440689}"
EndProject
Global
	GlobalSection(SolutionConfigurationPlatforms) = preSolution
		Debug|Any CPU = Debug|Any CPU
		Release|Any CPU = Release|Any CPU
	EndGlobalSection
	GlobalSection(ProjectConfigurationPlatforms) = postSolution
		{4EFBB2A7-17CD-409F-B2A3-6BCEE6273EE9}.Debug|Any CPU.ActiveCfg = Debug|Any CPU
		{4EFBB2A7-17CD-409F-B2A3-6BCEE6273EE9}.Debug|Any CPU.Build.0 = Debug|Any CPU
		{4EFBB2A7-17CD-409F-B2A3-6BCEE6273EE9}.Release|Any CPU.ActiveCfg = Release|Any CPU
		{4EFBB2A7-17CD-409F-B2A3-6BCEE6273EE9}.Release|Any CPU.Build.0 = Release|Any CPU
		{EE8922E9-C88F-4941-BBFB-E7B491F51DE7}.Debug|Any CPU.ActiveCfg = Debug|Any CPU
		{EE8922E9-C88F-4941-BBFB-E7B491F51DE7}.Debug|Any CPU.Build.0 = Debug|Any CPU
		{EE8922E9-C88F-4941-BBFB-E7B491F51DE7}.Release|Any CPU.ActiveCfg = Release|Any CPU
		{EE8922E9-C88F-4941-BBFB-E7B491F51DE7}.Release|Any CPU.Build.0 = Release|Any CPU
		{A40B689E-C758-4D42-BCDC-80FDB0953558}.Debug|Any CPU.ActiveCfg = Debug|Any CPU
		{A40B689E-C758-4D42-BCDC-80FDB0953558}.Debug|Any CPU.Build.0 = Debug|Any CPU
		{A40B689E-C758-4D42-BCDC-80FDB0953558}.Release|Any CPU.ActiveCfg = Release|Any CPU
		{A40B689E-C758-4D42-BCDC-80FDB0953558}.Release|Any CPU.Build.0 = Release|Any CPU
		{3B08E35E-9CF3-47ED-875E-2F635E79366A}.Debug|Any CPU.ActiveCfg = Debug|Any CPU
		{3B08E35E-9CF3-47ED-875E-2F635E79366A}.Debug|Any CPU.Build.0 = Debug|Any CPU
		{3B08E35E-9CF3-47ED-875E-2F635E79366A}.Release|Any CPU.ActiveCfg = Release|Any CPU
		{3B08E35E-9CF3-47ED-875E-2F635E79366A}.Release|Any CPU.Build.0 = Release|Any CPU
		{5644531D-6124-4239-8CB2-47768656966E}.Debug|Any CPU.ActiveCfg = Debug|Any CPU
		{5644531D-6124-4239-8CB2-47768656966E}.Debug|Any CPU.Build.0 = Debug|Any CPU
		{5644531D-6124-4239-8CB2-47768656966E}.Release|Any CPU.ActiveCfg = Release|Any CPU
		{5644531D-6124-4239-8CB2-47768656966E}.Release|Any CPU.Build.0 = Release|Any CPU
		{50B9709C-B647-446C-876A-5B00A81E796E}.Debug|Any CPU.ActiveCfg = Debug|Any CPU
		{50B9709C-B647-446C-876A-5B00A81E796E}.Debug|Any CPU.Build.0 = Debug|Any CPU
		{50B9709C-B647-446C-876A-5B00A81E796E}.Release|Any CPU.ActiveCfg = Release|Any CPU
		{50B9709C-B647-446C-876A-5B00A81E796E}.Release|Any CPU.Build.0 = Release|Any CPU
		{E7C4212F-EA9C-466E-8E25-552C47440689}.Debug|Any CPU.ActiveCfg = Debug|Any CPU
		{E7C4212F-EA9C-466E-8E25-552C47440689}.Debug|Any CPU.Build.0 = Debug|Any CPU
		{E7C4212F-EA9C-466E-8E25-552C47440689}.Release|Any CPU.ActiveCfg = Release|Any CPU
		{E7C4212F-EA9C-466E-8E25-552C47440689}.Release|Any CPU.Build.0 = Release|Any CPU
	EndGlobalSection
	GlobalSection(SolutionProperties) = preSolution
		HideSolutionNode = FALSE
	EndGlobalSection
	GlobalSection(ExtensibilityGlobals) = postSolution
		SolutionGuid = {494153AA-EA7E-47D1-81B0-258963C40AAC}
	EndGlobalSection
EndGlobal
